
Microsoft Visual Studio Solution File, Format Version 12.00
# Visual Studio Version 17
VisualStudioVersion = 17.9.34616.47
MinimumVisualStudioVersion = 10.0.40219.1
Project("{FAE04EC0-301F-11D3-BF4B-00C04F79EFBC}") = "MultiTimer4", "MultiTimer4\MultiTimer4.csproj", "{448A3093-C6CB-4B60-8463-6487FE2D4D36}"
EndProject
Global
	GlobalSection(SolutionConfigurationPlatforms) = preSolution
		Debug|Any CPU = Debug|Any CPU
		Release|Any CPU = Release|Any CPU
	EndGlobalSection
	GlobalSection(ProjectConfigurationPlatforms) = postSolution
		{448A3093-C6CB-4B60-8463-6487FE2D4D36}.Debug|Any CPU.ActiveCfg = Debug|Any CPU
		{448A3093-C6CB-4B60-8463-6487FE2D4D36}.Debug|Any CPU.Build.0 = Debug|Any CPU
		{448A3093-C6CB-4B60-8463-6487FE2D4D36}.Release|Any CPU.ActiveCfg = Release|Any CPU
		{448A3093-C6CB-4B60-8463-6487FE2D4D36}.Release|Any CPU.Build.0 = Release|Any CPU
	EndGlobalSection
	GlobalSection(SolutionProperties) = preSolution
		HideSolutionNode = FALSE
	EndGlobalSection
	GlobalSection(ExtensibilityGlobals) = postSolution
		SolutionGuid = {DB8859E1-9048-4588-819D-553B5B58385B}
	EndGlobalSection
EndGlobal
